// !$*UTF8*$!
{
	archiveVersion = 1;
	classes = {
	};
	objectVersion = 46;
	objects = {

/* Begin PBXBuildFile section */
		D47456401B94465D004D58BC /* one.m in Sources */ = {isa = PBXBuildFile; fileRef = D474563F1B94465D004D58BC /* one.m */; };
		D47456451B9449F0004D58BC /* f_one.m in Sources */ = {isa = PBXBuildFile; fileRef = D47456441B9449F0004D58BC /* f_one.m */; };
		D47456481B944A20004D58BC /* f_two.m in Sources */ = {isa = PBXBuildFile; fileRef = D47456471B944A20004D58BC /* f_two.m */; };
		D474564B1B944E68004D58BC /* f_onetest.m in Sources */ = {isa = PBXBuildFile; fileRef = D474564A1B944E68004D58BC /* f_onetest.m */; };
		D474564E1B945008004D58BC /* 101.m in Sources */ = {isa = PBXBuildFile; fileRef = D474564D1B945008004D58BC /* 101.m */; };
		D47456511B94502E004D58BC /* 202.m in Sources */ = {isa = PBXBuildFile; fileRef = D47456501B94502E004D58BC /* 202.m */; };
		D47456541B945211004D58BC /* 111.m in Sources */ = {isa = PBXBuildFile; fileRef = D47456531B945211004D58BC /* 111.m */; };
		D47456571B945234004D58BC /* 222.m in Sources */ = {isa = PBXBuildFile; fileRef = D47456561B945234004D58BC /* 222.m */; };
		D474565A1B9453FB004D58BC /* 212.m in Sources */ = {isa = PBXBuildFile; fileRef = D47456591B9453FB004D58BC /* 212.m */; };
		D4E120931B9024EA0037A7D8 /* main.m in Sources */ = {isa = PBXBuildFile; fileRef = D4E120921B9024EA0037A7D8 /* main.m */; };
		D4E120961B9024EA0037A7D8 /* AppDelegate.m in Sources */ = {isa = PBXBuildFile; fileRef = D4E120951B9024EA0037A7D8 /* AppDelegate.m */; };
		D4E120991B9024EA0037A7D8 /* ViewController.m in Sources */ = {isa = PBXBuildFile; fileRef = D4E120981B9024EA0037A7D8 /* ViewController.m */; };
		D4E1209C1B9024EA0037A7D8 /* Main.storyboard in Resources */ = {isa = PBXBuildFile; fileRef = D4E1209A1B9024EA0037A7D8 /* Main.storyboard */; };
		D4E1209E1B9024EA0037A7D8 /* Images.xcassets in Resources */ = {isa = PBXBuildFile; fileRef = D4E1209D1B9024EA0037A7D8 /* Images.xcassets */; };
		D4E120A11B9024EA0037A7D8 /* LaunchScreen.xib in Resources */ = {isa = PBXBuildFile; fileRef = D4E1209F1B9024EA0037A7D8 /* LaunchScreen.xib */; };
		D4E120AD1B9024EA0037A7D8 /* gittestTests.m in Sources */ = {isa = PBXBuildFile; fileRef = D4E120AC1B9024EA0037A7D8 /* gittestTests.m */; };
		D4E120C11B903C9D0037A7D8 /* f2.m in Sources */ = {isa = PBXBuildFile; fileRef = D4E120C01B903C9D0037A7D8 /* f2.m */; };
/* End PBXBuildFile section */

/* Begin PBXContainerItemProxy section */
		D4E120A71B9024EA0037A7D8 /* PBXContainerItemProxy */ = {
			isa = PBXContainerItemProxy;
			containerPortal = D4E120851B9024EA0037A7D8 /* Project object */;
			proxyType = 1;
			remoteGlobalIDString = D4E1208C1B9024EA0037A7D8;
			remoteInfo = gittest;
		};
/* End PBXContainerItemProxy section */

/* Begin PBXCopyFilesBuildPhase section */
		D47455B61B941ED5004D58BC /* Embed Frameworks */ = {
			isa = PBXCopyFilesBuildPhase;
			buildActionMask = 2147483647;
			dstPath = "";
			dstSubfolderSpec = 10;
			files = (
			);
			name = "Embed Frameworks";
			runOnlyForDeploymentPostprocessing = 0;
		};
/* End PBXCopyFilesBuildPhase section */

/* Begin PBXFileReference section */
		D474563E1B94465D004D58BC /* one.h */ = {isa = PBXFileReference; fileEncoding = 4; lastKnownFileType = sourcecode.c.h; path = one.h; sourceTree = "<group>"; };
		D474563F1B94465D004D58BC /* one.m */ = {isa = PBXFileReference; fileEncoding = 4; lastKnownFileType = sourcecode.c.objc; path = one.m; sourceTree = "<group>"; };
		D47456431B9449F0004D58BC /* f_one.h */ = {isa = PBXFileReference; fileEncoding = 4; lastKnownFileType = sourcecode.c.h; path = f_one.h; sourceTree = "<group>"; };
		D47456441B9449F0004D58BC /* f_one.m */ = {isa = PBXFileReference; fileEncoding = 4; lastKnownFileType = sourcecode.c.objc; path = f_one.m; sourceTree = "<group>"; };
		D47456461B944A20004D58BC /* f_two.h */ = {isa = PBXFileReference; fileEncoding = 4; lastKnownFileType = sourcecode.c.h; path = f_two.h; sourceTree = "<group>"; };
		D47456471B944A20004D58BC /* f_two.m */ = {isa = PBXFileReference; fileEncoding = 4; lastKnownFileType = sourcecode.c.objc; path = f_two.m; sourceTree = "<group>"; };
		D47456491B944E68004D58BC /* f_onetest.h */ = {isa = PBXFileReference; fileEncoding = 4; lastKnownFileType = sourcecode.c.h; path = f_onetest.h; sourceTree = "<group>"; };
		D474564A1B944E68004D58BC /* f_onetest.m */ = {isa = PBXFileReference; fileEncoding = 4; lastKnownFileType = sourcecode.c.objc; path = f_onetest.m; sourceTree = "<group>"; };
		D474564C1B945008004D58BC /* 101.h */ = {isa = PBXFileReference; fileEncoding = 4; lastKnownFileType = sourcecode.c.h; path = 101.h; sourceTree = "<group>"; };
		D474564D1B945008004D58BC /* 101.m */ = {isa = PBXFileReference; fileEncoding = 4; lastKnownFileType = sourcecode.c.objc; path = 101.m; sourceTree = "<group>"; };
		D474564F1B94502E004D58BC /* 202.h */ = {isa = PBXFileReference; fileEncoding = 4; lastKnownFileType = sourcecode.c.h; path = 202.h; sourceTree = "<group>"; };
		D47456501B94502E004D58BC /* 202.m */ = {isa = PBXFileReference; fileEncoding = 4; lastKnownFileType = sourcecode.c.objc; path = 202.m; sourceTree = "<group>"; };
		D47456521B945211004D58BC /* 111.h */ = {isa = PBXFileReference; fileEncoding = 4; lastKnownFileType = sourcecode.c.h; path = 111.h; sourceTree = "<group>"; };
		D47456531B945211004D58BC /* 111.m */ = {isa = PBXFileReference; fileEncoding = 4; lastKnownFileType = sourcecode.c.objc; path = 111.m; sourceTree = "<group>"; };
		D47456551B945234004D58BC /* 222.h */ = {isa = PBXFileReference; fileEncoding = 4; lastKnownFileType = sourcecode.c.h; path = 222.h; sourceTree = "<group>"; };
		D47456561B945234004D58BC /* 222.m */ = {isa = PBXFileReference; fileEncoding = 4; lastKnownFileType = sourcecode.c.objc; path = 222.m; sourceTree = "<group>"; };
		D47456581B9453FB004D58BC /* 212.h */ = {isa = PBXFileReference; fileEncoding = 4; lastKnownFileType = sourcecode.c.h; path = 212.h; sourceTree = "<group>"; };
		D47456591B9453FB004D58BC /* 212.m */ = {isa = PBXFileReference; fileEncoding = 4; lastKnownFileType = sourcecode.c.objc; path = 212.m; sourceTree = "<group>"; };
		D4E1208D1B9024EA0037A7D8 /* gittest.app */ = {isa = PBXFileReference; explicitFileType = wrapper.application; includeInIndex = 0; path = gittest.app; sourceTree = BUILT_PRODUCTS_DIR; };
		D4E120911B9024EA0037A7D8 /* Info.plist */ = {isa = PBXFileReference; lastKnownFileType = text.plist.xml; path = Info.plist; sourceTree = "<group>"; };
		D4E120921B9024EA0037A7D8 /* main.m */ = {isa = PBXFileReference; lastKnownFileType = sourcecode.c.objc; path = main.m; sourceTree = "<group>"; };
		D4E120941B9024EA0037A7D8 /* AppDelegate.h */ = {isa = PBXFileReference; lastKnownFileType = sourcecode.c.h; path = AppDelegate.h; sourceTree = "<group>"; };
		D4E120951B9024EA0037A7D8 /* AppDelegate.m */ = {isa = PBXFileReference; lastKnownFileType = sourcecode.c.objc; path = AppDelegate.m; sourceTree = "<group>"; };
		D4E120971B9024EA0037A7D8 /* ViewController.h */ = {isa = PBXFileReference; lastKnownFileType = sourcecode.c.h; path = ViewController.h; sourceTree = "<group>"; };
		D4E120981B9024EA0037A7D8 /* ViewController.m */ = {isa = PBXFileReference; lastKnownFileType = sourcecode.c.objc; path = ViewController.m; sourceTree = "<group>"; };
		D4E1209B1B9024EA0037A7D8 /* Base */ = {isa = PBXFileReference; lastKnownFileType = file.storyboard; name = Base; path = Base.lproj/Main.storyboard; sourceTree = "<group>"; };
		D4E1209D1B9024EA0037A7D8 /* Images.xcassets */ = {isa = PBXFileReference; lastKnownFileType = folder.assetcatalog; path = Images.xcassets; sourceTree = "<group>"; };
		D4E120A01B9024EA0037A7D8 /* Base */ = {isa = PBXFileReference; lastKnownFileType = file.xib; name = Base; path = Base.lproj/LaunchScreen.xib; sourceTree = "<group>"; };
		D4E120A61B9024EA0037A7D8 /* gittestTests.xctest */ = {isa = PBXFileReference; explicitFileType = wrapper.cfbundle; includeInIndex = 0; path = gittestTests.xctest; sourceTree = BUILT_PRODUCTS_DIR; };
		D4E120AB1B9024EA0037A7D8 /* Info.plist */ = {isa = PBXFileReference; lastKnownFileType = text.plist.xml; path = Info.plist; sourceTree = "<group>"; };
		D4E120AC1B9024EA0037A7D8 /* gittestTests.m */ = {isa = PBXFileReference; lastKnownFileType = sourcecode.c.objc; path = gittestTests.m; sourceTree = "<group>"; };
		D4E120BF1B903C9D0037A7D8 /* f2.h */ = {isa = PBXFileReference; fileEncoding = 4; lastKnownFileType = sourcecode.c.h; path = f2.h; sourceTree = "<group>"; };
		D4E120C01B903C9D0037A7D8 /* f2.m */ = {isa = PBXFileReference; fileEncoding = 4; lastKnownFileType = sourcecode.c.objc; path = f2.m; sourceTree = "<group>"; };
/* End PBXFileReference section */

/* Begin PBXFrameworksBuildPhase section */
		D4E1208A1B9024EA0037A7D8 /* Frameworks */ = {
			isa = PBXFrameworksBuildPhase;
			buildActionMask = 2147483647;
			files = (
			);
			runOnlyForDeploymentPostprocessing = 0;
		};
		D4E120A31B9024EA0037A7D8 /* Frameworks */ = {
			isa = PBXFrameworksBuildPhase;
			buildActionMask = 2147483647;
			files = (
			);
			runOnlyForDeploymentPostprocessing = 0;
		};
/* End PBXFrameworksBuildPhase section */

/* Begin PBXGroup section */
		D47456411B9447F6004D58BC /* fone */ = {
			isa = PBXGroup;
			children = (
				D47456431B9449F0004D58BC /* f_one.h */,
				D47456441B9449F0004D58BC /* f_one.m */,
				D47456491B944E68004D58BC /* f_onetest.h */,
				D474564A1B944E68004D58BC /* f_onetest.m */,
				D474564C1B945008004D58BC /* 101.h */,
				D474564D1B945008004D58BC /* 101.m */,
				D47456521B945211004D58BC /* 111.h */,
				D47456531B945211004D58BC /* 111.m */,
			);
			path = fone;
			sourceTree = "<group>";
		};
		D47456421B944998004D58BC /* ftwo */ = {
			isa = PBXGroup;
			children = (
				D47456461B944A20004D58BC /* f_two.h */,
				D47456471B944A20004D58BC /* f_two.m */,
				D474564F1B94502E004D58BC /* 202.h */,
				D47456501B94502E004D58BC /* 202.m */,
				D47456551B945234004D58BC /* 222.h */,
				D47456561B945234004D58BC /* 222.m */,
				D47456581B9453FB004D58BC /* 212.h */,
				D47456591B9453FB004D58BC /* 212.m */,
			);
			path = ftwo;
			sourceTree = "<group>";
		};
		D4E120841B9024EA0037A7D8 = {
			isa = PBXGroup;
			children = (
				D4E1208F1B9024EA0037A7D8 /* gittest */,
				D4E120A91B9024EA0037A7D8 /* gittestTests */,
				D4E1208E1B9024EA0037A7D8 /* Products */,
			);
			sourceTree = "<group>";
		};
		D4E1208E1B9024EA0037A7D8 /* Products */ = {
			isa = PBXGroup;
			children = (
				D4E1208D1B9024EA0037A7D8 /* gittest.app */,
				D4E120A61B9024EA0037A7D8 /* gittestTests.xctest */,
			);
			name = Products;
			sourceTree = "<group>";
		};
		D4E1208F1B9024EA0037A7D8 /* gittest */ = {
			isa = PBXGroup;
			children = (
				D47456421B944998004D58BC /* ftwo */,
				D47456411B9447F6004D58BC /* fone */,
				D4E120941B9024EA0037A7D8 /* AppDelegate.h */,
				D4E120951B9024EA0037A7D8 /* AppDelegate.m */,
				D4E120971B9024EA0037A7D8 /* ViewController.h */,
				D4E120981B9024EA0037A7D8 /* ViewController.m */,
				D4E1209A1B9024EA0037A7D8 /* Main.storyboard */,
				D4E1209D1B9024EA0037A7D8 /* Images.xcassets */,
				D4E1209F1B9024EA0037A7D8 /* LaunchScreen.xib */,
				D4E120901B9024EA0037A7D8 /* Supporting Files */,
				D4E120BF1B903C9D0037A7D8 /* f2.h */,
				D4E120C01B903C9D0037A7D8 /* f2.m */,
				D474563E1B94465D004D58BC /* one.h */,
				D474563F1B94465D004D58BC /* one.m */,
			);
			path = gittest;
			sourceTree = "<group>";
		};
		D4E120901B9024EA0037A7D8 /* Supporting Files */ = {
			isa = PBXGroup;
			children = (
				D4E120911B9024EA0037A7D8 /* Info.plist */,
				D4E120921B9024EA0037A7D8 /* main.m */,
			);
			name = "Supporting Files";
			sourceTree = "<group>";
		};
		D4E120A91B9024EA0037A7D8 /* gittestTests */ = {
			isa = PBXGroup;
			children = (
				D4E120AC1B9024EA0037A7D8 /* gittestTests.m */,
				D4E120AA1B9024EA0037A7D8 /* Supporting Files */,
			);
			path = gittestTests;
			sourceTree = "<group>";
		};
		D4E120AA1B9024EA0037A7D8 /* Supporting Files */ = {
			isa = PBXGroup;
			children = (
				D4E120AB1B9024EA0037A7D8 /* Info.plist */,
			);
			name = "Supporting Files";
			sourceTree = "<group>";
		};
/* End PBXGroup section */

/* Begin PBXNativeTarget section */
		D4E1208C1B9024EA0037A7D8 /* gittest */ = {
			isa = PBXNativeTarget;
			buildConfigurationList = D4E120B01B9024EA0037A7D8 /* Build configuration list for PBXNativeTarget "gittest" */;
			buildPhases = (
				D4E120891B9024EA0037A7D8 /* Sources */,
				D4E1208A1B9024EA0037A7D8 /* Frameworks */,
				D4E1208B1B9024EA0037A7D8 /* Resources */,
				D47455B61B941ED5004D58BC /* Embed Frameworks */,
			);
			buildRules = (
			);
			dependencies = (
			);
			name = gittest;
			productName = gittest;
			productReference = D4E1208D1B9024EA0037A7D8 /* gittest.app */;
			productType = "com.apple.product-type.application";
		};
		D4E120A51B9024EA0037A7D8 /* gittestTests */ = {
			isa = PBXNativeTarget;
			buildConfigurationList = D4E120B31B9024EA0037A7D8 /* Build configuration list for PBXNativeTarget "gittestTests" */;
			buildPhases = (
				D4E120A21B9024EA0037A7D8 /* Sources */,
				D4E120A31B9024EA0037A7D8 /* Frameworks */,
				D4E120A41B9024EA0037A7D8 /* Resources */,
			);
			buildRules = (
			);
			dependencies = (
				D4E120A81B9024EA0037A7D8 /* PBXTargetDependency */,
			);
			name = gittestTests;
			productName = gittestTests;
			productReference = D4E120A61B9024EA0037A7D8 /* gittestTests.xctest */;
			productType = "com.apple.product-type.bundle.unit-test";
		};
/* End PBXNativeTarget section */

/* Begin PBXProject section */
		D4E120851B9024EA0037A7D8 /* Project object */ = {
			isa = PBXProject;
			attributes = {
				LastUpgradeCheck = 0640;
				ORGANIZATIONNAME = "张益豪";
				TargetAttributes = {
					D4E1208C1B9024EA0037A7D8 = {
						CreatedOnToolsVersion = 6.4;
						DevelopmentTeam = 3G7G325GTC;
					};
					D4E120A51B9024EA0037A7D8 = {
						CreatedOnToolsVersion = 6.4;
						DevelopmentTeam = 3G7G325GTC;
						TestTargetID = D4E1208C1B9024EA0037A7D8;
					};
				};
			};
			buildConfigurationList = D4E120881B9024EA0037A7D8 /* Build configuration list for PBXProject "gittest" */;
			compatibilityVersion = "Xcode 3.2";
			developmentRegion = English;
			hasScannedForEncodings = 0;
			knownRegions = (
				en,
				Base,
			);
			mainGroup = D4E120841B9024EA0037A7D8;
			productRefGroup = D4E1208E1B9024EA0037A7D8 /* Products */;
			projectDirPath = "";
			projectRoot = "";
			targets = (
				D4E1208C1B9024EA0037A7D8 /* gittest */,
				D4E120A51B9024EA0037A7D8 /* gittestTests */,
			);
		};
/* End PBXProject section */

/* Begin PBXResourcesBuildPhase section */
		D4E1208B1B9024EA0037A7D8 /* Resources */ = {
			isa = PBXResourcesBuildPhase;
			buildActionMask = 2147483647;
			files = (
				D4E1209C1B9024EA0037A7D8 /* Main.storyboard in Resources */,
				D4E120A11B9024EA0037A7D8 /* LaunchScreen.xib in Resources */,
				D4E1209E1B9024EA0037A7D8 /* Images.xcassets in Resources */,
			);
			runOnlyForDeploymentPostprocessing = 0;
		};
		D4E120A41B9024EA0037A7D8 /* Resources */ = {
			isa = PBXResourcesBuildPhase;
			buildActionMask = 2147483647;
			files = (
			);
			runOnlyForDeploymentPostprocessing = 0;
		};
/* End PBXResourcesBuildPhase section */

/* Begin PBXSourcesBuildPhase section */
		D4E120891B9024EA0037A7D8 /* Sources */ = {
			isa = PBXSourcesBuildPhase;
			buildActionMask = 2147483647;
			files = (
				D4E120991B9024EA0037A7D8 /* ViewController.m in Sources */,
				D4E120961B9024EA0037A7D8 /* AppDelegate.m in Sources */,
				D47456401B94465D004D58BC /* one.m in Sources */,
				D47456541B945211004D58BC /* 111.m in Sources */,
				D47456481B944A20004D58BC /* f_two.m in Sources */,
				D474565A1B9453FB004D58BC /* 212.m in Sources */,
				D47456511B94502E004D58BC /* 202.m in Sources */,
				D474564E1B945008004D58BC /* 101.m in Sources */,
				D47456571B945234004D58BC /* 222.m in Sources */,
				D474564B1B944E68004D58BC /* f_onetest.m in Sources */,
				D47456481B944A20004D58BC /* f_two.m in Sources */,
				D47456451B9449F0004D58BC /* f_one.m in Sources */,
				D4E120931B9024EA0037A7D8 /* main.m in Sources */,
				D4E120C11B903C9D0037A7D8 /* f2.m in Sources */,
			);
			runOnlyForDeploymentPostprocessing = 0;
		};
		D4E120A21B9024EA0037A7D8 /* Sources */ = {
			isa = PBXSourcesBuildPhase;
			buildActionMask = 2147483647;
			files = (
				D4E120AD1B9024EA0037A7D8 /* gittestTests.m in Sources */,
			);
			runOnlyForDeploymentPostprocessing = 0;
		};
/* End PBXSourcesBuildPhase section */

/* Begin PBXTargetDependency section */
		D4E120A81B9024EA0037A7D8 /* PBXTargetDependency */ = {
			isa = PBXTargetDependency;
			target = D4E1208C1B9024EA0037A7D8 /* gittest */;
			targetProxy = D4E120A71B9024EA0037A7D8 /* PBXContainerItemProxy */;
		};
/* End PBXTargetDependency section */

/* Begin PBXVariantGroup section */
		D4E1209A1B9024EA0037A7D8 /* Main.storyboard */ = {
			isa = PBXVariantGroup;
			children = (
				D4E1209B1B9024EA0037A7D8 /* Base */,
			);
			name = Main.storyboard;
			sourceTree = "<group>";
		};
		D4E1209F1B9024EA0037A7D8 /* LaunchScreen.xib */ = {
			isa = PBXVariantGroup;
			children = (
				D4E120A01B9024EA0037A7D8 /* Base */,
			);
			name = LaunchScreen.xib;
			sourceTree = "<group>";
		};
/* End PBXVariantGroup section */

/* Begin XCBuildConfiguration section */
		D4E120AE1B9024EA0037A7D8 /* Debug */ = {
			isa = XCBuildConfiguration;
			buildSettings = {
				ALWAYS_SEARCH_USER_PATHS = NO;
				CLANG_CXX_LANGUAGE_STANDARD = "gnu++0x";
				CLANG_CXX_LIBRARY = "libc++";
				CLANG_ENABLE_MODULES = YES;
				CLANG_ENABLE_OBJC_ARC = YES;
				CLANG_WARN_BOOL_CONVERSION = YES;
				CLANG_WARN_CONSTANT_CONVERSION = YES;
				CLANG_WARN_DIRECT_OBJC_ISA_USAGE = YES_ERROR;
				CLANG_WARN_EMPTY_BODY = YES;
				CLANG_WARN_ENUM_CONVERSION = YES;
				CLANG_WARN_INT_CONVERSION = YES;
				CLANG_WARN_OBJC_ROOT_CLASS = YES_ERROR;
				CLANG_WARN_UNREACHABLE_CODE = YES;
				CLANG_WARN__DUPLICATE_METHOD_MATCH = YES;
				CODE_SIGN_IDENTITY = "";
				"CODE_SIGN_IDENTITY[sdk=iphoneos*]" = "";
				COPY_PHASE_STRIP = NO;
				DEBUG_INFORMATION_FORMAT = "dwarf-with-dsym";
				ENABLE_STRICT_OBJC_MSGSEND = YES;
				GCC_C_LANGUAGE_STANDARD = gnu99;
				GCC_DYNAMIC_NO_PIC = NO;
				GCC_NO_COMMON_BLOCKS = YES;
				GCC_OPTIMIZATION_LEVEL = 0;
				GCC_PREPROCESSOR_DEFINITIONS = (
					"DEBUG=1",
					"$(inherited)",
				);
				GCC_SYMBOLS_PRIVATE_EXTERN = NO;
				GCC_WARN_64_TO_32_BIT_CONVERSION = YES;
				GCC_WARN_ABOUT_RETURN_TYPE = YES_ERROR;
				GCC_WARN_UNDECLARED_SELECTOR = YES;
				GCC_WARN_UNINITIALIZED_AUTOS = YES_AGGRESSIVE;
				GCC_WARN_UNUSED_FUNCTION = YES;
				GCC_WARN_UNUSED_VARIABLE = YES;
				IPHONEOS_DEPLOYMENT_TARGET = 8.4;
				MTL_ENABLE_DEBUG_INFO = YES;
				ONLY_ACTIVE_ARCH = YES;
				PROVISIONING_PROFILE = "";
				SDKROOT = iphoneos;
			};
			name = Debug;
		};
		D4E120AF1B9024EA0037A7D8 /* Release */ = {
			isa = XCBuildConfiguration;
			buildSettings = {
				ALWAYS_SEARCH_USER_PATHS = NO;
				CLANG_CXX_LANGUAGE_STANDARD = "gnu++0x";
				CLANG_CXX_LIBRARY = "libc++";
				CLANG_ENABLE_MODULES = YES;
				CLANG_ENABLE_OBJC_ARC = YES;
				CLANG_WARN_BOOL_CONVERSION = YES;
				CLANG_WARN_CONSTANT_CONVERSION = YES;
				CLANG_WARN_DIRECT_OBJC_ISA_USAGE = YES_ERROR;
				CLANG_WARN_EMPTY_BODY = YES;
				CLANG_WARN_ENUM_CONVERSION = YES;
				CLANG_WARN_INT_CONVERSION = YES;
				CLANG_WARN_OBJC_ROOT_CLASS = YES_ERROR;
				CLANG_WARN_UNREACHABLE_CODE = YES;
				CLANG_WARN__DUPLICATE_METHOD_MATCH = YES;
				CODE_SIGN_IDENTITY = "";
				"CODE_SIGN_IDENTITY[sdk=iphoneos*]" = "";
				COPY_PHASE_STRIP = NO;
				DEBUG_INFORMATION_FORMAT = "dwarf-with-dsym";
				ENABLE_NS_ASSERTIONS = NO;
				ENABLE_STRICT_OBJC_MSGSEND = YES;
				GCC_C_LANGUAGE_STANDARD = gnu99;
				GCC_NO_COMMON_BLOCKS = YES;
				GCC_WARN_64_TO_32_BIT_CONVERSION = YES;
				GCC_WARN_ABOUT_RETURN_TYPE = YES_ERROR;
				GCC_WARN_UNDECLARED_SELECTOR = YES;
				GCC_WARN_UNINITIALIZED_AUTOS = YES_AGGRESSIVE;
				GCC_WARN_UNUSED_FUNCTION = YES;
				GCC_WARN_UNUSED_VARIABLE = YES;
				IPHONEOS_DEPLOYMENT_TARGET = 8.4;
				MTL_ENABLE_DEBUG_INFO = NO;
				PROVISIONING_PROFILE = "";
				SDKROOT = iphoneos;
				VALIDATE_PRODUCT = YES;
			};
			name = Release;
		};
		D4E120B11B9024EA0037A7D8 /* Debug */ = {
			isa = XCBuildConfiguration;
			buildSettings = {
				ASSETCATALOG_COMPILER_APPICON_NAME = AppIcon;
				CODE_SIGN_IDENTITY = "";
				"CODE_SIGN_IDENTITY[sdk=iphoneos*]" = "";
				FRAMEWORK_SEARCH_PATHS = (
					"$(inherited)",
					"$(PROJECT_DIR)/gittest/AVOSCloud/Dynamic",
					"$(PROJECT_DIR)/gittest/AVOSCloud/Static",
					"$(PROJECT_DIR)/gittest/iOS-2/release-v3.1.3.4/AVOSCloud/Dynamic",
					"$(PROJECT_DIR)/gittest/iOS-2/release-v3.1.3.4/AVOSCloud/Static",
				);
				INFOPLIST_FILE = gittest/Info.plist;
				LD_RUNPATH_SEARCH_PATHS = "$(inherited) @executable_path/Frameworks";
				OTHER_LDFLAGS = (
					"-all_load",
					"-ObjC",
				);
				PRODUCT_NAME = "$(TARGET_NAME)";
				PROVISIONING_PROFILE = "";
				TARGETED_DEVICE_FAMILY = 1;
			};
			name = Debug;
		};
		D4E120B21B9024EA0037A7D8 /* Release */ = {
			isa = XCBuildConfiguration;
			buildSettings = {
				ASSETCATALOG_COMPILER_APPICON_NAME = AppIcon;
				CODE_SIGN_IDENTITY = "";
				"CODE_SIGN_IDENTITY[sdk=iphoneos*]" = "";
				FRAMEWORK_SEARCH_PATHS = (
					"$(inherited)",
					"$(PROJECT_DIR)/gittest/AVOSCloud/Dynamic",
					"$(PROJECT_DIR)/gittest/AVOSCloud/Static",
					"$(PROJECT_DIR)/gittest/iOS-2/release-v3.1.3.4/AVOSCloud/Dynamic",
					"$(PROJECT_DIR)/gittest/iOS-2/release-v3.1.3.4/AVOSCloud/Static",
				);
				INFOPLIST_FILE = gittest/Info.plist;
				LD_RUNPATH_SEARCH_PATHS = "$(inherited) @executable_path/Frameworks";
				OTHER_LDFLAGS = (
					"-all_load",
					"-ObjC",
				);
				PRODUCT_NAME = "$(TARGET_NAME)";
				PROVISIONING_PROFILE = "";
				TARGETED_DEVICE_FAMILY = 1;
			};
			name = Release;
		};
		D4E120B41B9024EA0037A7D8 /* Debug */ = {
			isa = XCBuildConfiguration;
			buildSettings = {
				BUNDLE_LOADER = "$(TEST_HOST)";
				CODE_SIGN_IDENTITY = "iPhone Developer";
				"CODE_SIGN_IDENTITY[sdk=iphoneos*]" = "iPhone Developer";
				FRAMEWORK_SEARCH_PATHS = (
					"$(SDKROOT)/Developer/Library/Frameworks",
					"$(inherited)",
				);
				GCC_PREPROCESSOR_DEFINITIONS = (
					"DEBUG=1",
					"$(inherited)",
				);
				INFOPLIST_FILE = gittestTests/Info.plist;
				LD_RUNPATH_SEARCH_PATHS = "$(inherited) @executable_path/Frameworks @loader_path/Frameworks";
				PRODUCT_NAME = "$(TARGET_NAME)";
				PROVISIONING_PROFILE = "";
				TEST_HOST = "$(BUILT_PRODUCTS_DIR)/gittest.app/gittest";
			};
			name = Debug;
		};
		D4E120B51B9024EA0037A7D8 /* Release */ = {
			isa = XCBuildConfiguration;
			buildSettings = {
				BUNDLE_LOADER = "$(TEST_HOST)";
				CODE_SIGN_IDENTITY = "iPhone Developer";
				"CODE_SIGN_IDENTITY[sdk=iphoneos*]" = "iPhone Developer";
				FRAMEWORK_SEARCH_PATHS = (
					"$(SDKROOT)/Developer/Library/Frameworks",
					"$(inherited)",
				);
				INFOPLIST_FILE = gittestTests/Info.plist;
				LD_RUNPATH_SEARCH_PATHS = "$(inherited) @executable_path/Frameworks @loader_path/Frameworks";
				PRODUCT_NAME = "$(TARGET_NAME)";
				PROVISIONING_PROFILE = "";
				TEST_HOST = "$(BUILT_PRODUCTS_DIR)/gittest.app/gittest";
			};
			name = Release;
		};
/* End XCBuildConfiguration section */

/* Begin XCConfigurationList section */
		D4E120881B9024EA0037A7D8 /* Build configuration list for PBXProject "gittest" */ = {
			isa = XCConfigurationList;
			buildConfigurations = (
				D4E120AE1B9024EA0037A7D8 /* Debug */,
				D4E120AF1B9024EA0037A7D8 /* Release */,
			);
			defaultConfigurationIsVisible = 0;
			defaultConfigurationName = Release;
		};
		D4E120B01B9024EA0037A7D8 /* Build configuration list for PBXNativeTarget "gittest" */ = {
			isa = XCConfigurationList;
			buildConfigurations = (
				D4E120B11B9024EA0037A7D8 /* Debug */,
				D4E120B21B9024EA0037A7D8 /* Release */,
			);
			defaultConfigurationIsVisible = 0;
			defaultConfigurationName = Release;
		};
		D4E120B31B9024EA0037A7D8 /* Build configuration list for PBXNativeTarget "gittestTests" */ = {
			isa = XCConfigurationList;
			buildConfigurations = (
				D4E120B41B9024EA0037A7D8 /* Debug */,
				D4E120B51B9024EA0037A7D8 /* Release */,
			);
			defaultConfigurationIsVisible = 0;
			defaultConfigurationName = Release;
		};
/* End XCConfigurationList section */
	};
	rootObject = D4E120851B9024EA0037A7D8 /* Project object */;
}
